<Solution>
  <Folder Name="/src/">
    <Project Path="src/Awake.WorldbookStudio.Cli/Awake.WorldbookStudio.Cli.csproj" />
    <Project Path="src/Awake.WorldbookStudio.Core/Awake.WorldbookStudio.Core.csproj" />
    <Project Path="src/Awake.WorldbookStudio.Launcher/Awake.WorldbookStudio.Launcher.csproj" />
    <Project Path="src/Awake.WorldbookStudio.Web/Awake.WorldbookStudio.Web.csproj" />
  </Folder>
  <Folder Name="/tests/">
    <Project Path="tests/Awake.WorldbookStudio.Tests/Awake.WorldbookStudio.Tests.csproj" />
    <Project Path="tests/Awake.WorldbookStudio.AuthorityGate.Tests/Awake.WorldbookStudio.AuthorityGate.Tests.csproj" />
    <Project Path="tests/Awake.WorldbookStudio.BatchTests/Awake.WorldbookStudio.BatchTests.csproj" />
    <Project Path="tests/Awake.WorldbookStudio.Draft.Tests/Awake.WorldbookStudio.Draft.Tests.csproj" />
    <Project Path="tests/Awake.WorldbookStudio.Workstation.Tests/Awake.WorldbookStudio.Workstation.Tests.csproj" />
    <Project Path="tests/Awake.WorldbookStudio.Launcher.Tests/Awake.WorldbookStudio.Launcher.Tests.csproj" />
    <Project Path="tests/Awake.WorldbookStudio.EditorContent.Tests/Awake.WorldbookStudio.EditorContent.Tests.csproj" />
  </Folder>
</Solution>
